<Solution>
  <Folder Name="/samples/">
    <Project Path="samples/Sandbox/Sandbox.csproj" />
    <Project Path="samples/FlappyBird/FlappyBird.csproj" />
  </Folder>
  <Folder Name="/src/">
    <Project Path="src/InfiniteDubhe.Audio/InfiniteDubhe.Audio.csproj" />
    <Project Path="src/InfiniteDubhe.Core/InfiniteDubhe.Core.csproj" />
    <Project Path="src/InfiniteDubhe.Engine/InfiniteDubhe.Engine.csproj" />
    <Project Path="src/InfiniteDubhe.Input/InfiniteDubhe.Input.csproj" />
    <Project Path="src/InfiniteDubhe.Platform.Windows/InfiniteDubhe.Platform.Windows.csproj" />
    <Project Path="src/InfiniteDubhe.Platform/InfiniteDubhe.Platform.csproj" />
    <Project Path="src/InfiniteDubhe.Physics/InfiniteDubhe.Physics.csproj" />
    <Project Path="src/InfiniteDubhe.Rendering/InfiniteDubhe.Rendering.csproj" />
    <Project Path="src/InfiniteDubhe.Resources/InfiniteDubhe.Resources.csproj" />
    <Project Path="src/InfiniteDubhe.Scene/InfiniteDubhe.Scene.csproj" />
    <Project Path="src/InfiniteDubhe.UI/InfiniteDubhe.UI.csproj" />
  </Folder>
  <Folder Name="/tests/">
    <Project Path="tests/InfiniteDubhe.Core.Tests/InfiniteDubhe.Core.Tests.csproj" />
    <Project Path="tests/InfiniteDubhe.Resources.Tests/InfiniteDubhe.Resources.Tests.csproj" />
  </Folder>
</Solution>
